
Microsoft Visual Studio Solution File, Format Version 12.00
# Visual Studio Version 16
VisualStudioVersion = 16.0.33027.164
MinimumVisualStudioVersion = 10.0.40219.1
Project("{FAE04EC0-301F-11D3-BF4B-00C04F79EFBC}") = "lab1ex2", "lab1ex2\lab1ex2.csproj", "{CBF2B951-8B71-456D-AC71-2BFFDAFBC72C}"
EndProject
Global
	GlobalSection(SolutionConfigurationPlatforms) = preSolution
		Debug|Any CPU = Debug|Any CPU
		Release|Any CPU = Release|Any CPU
	EndGlobalSection
	GlobalSection(ProjectConfigurationPlatforms) = postSolution
		{CBF2B951-8B71-456D-AC71-2BFFDAFBC72C}.Debug|Any CPU.ActiveCfg = Debug|Any CPU
		{CBF2B951-8B71-456D-AC71-2BFFDAFBC72C}.Debug|Any CPU.Build.0 = Debug|Any CPU
		{CBF2B951-8B71-456D-AC71-2BFFDAFBC72C}.Release|Any CPU.ActiveCfg = Release|Any CPU
		{CBF2B951-8B71-456D-AC71-2BFFDAFBC72C}.Release|Any CPU.Build.0 = Release|Any CPU
	EndGlobalSection
	GlobalSection(SolutionProperties) = preSolution
		HideSolutionNode = FALSE
	EndGlobalSection
	GlobalSection(ExtensibilityGlobals) = postSolution
		SolutionGuid = {310CC3BC-8CCC-4338-A8C1-B6391D7C2C38}
	EndGlobalSection
EndGlobal
